dependencies:
  espressif/esp_websocket_client:
    component_hash: c5a067a9fddea370c478017e66fac302f4b79c3d4027e9bdd42a019786cceb92
    dependencies:
    - name: idf
      require: private
      version: '>=5.0'
    source:
      registry_url: https://components.espressif.com/
      type: service
    version: 1.6.1
  idf:
    source:
      type: idf
    version: 6.0.0
direct_dependencies:
- espressif/esp_websocket_client
- idf
manifest_hash: 7037c14e453ee7e5c341aa10462386ccf1be1cf1e24f5bb75b45d66ff0cc5580
target: esp32
version: 3.0.0
