dependencies:
  espressif/esp_websocket_client:
    version: 1.5.0
    source:
      type: service
      registry_url: https://components.espressif.com/
  idf:
    source:
      type: idf
    version: 6.0.0
direct_dependencies:
- espressif/esp_websocket_client
- idf
manifest_hash: websocket-migration-fix
target: esp32
version: 3.0.0
